// !$*UTF8*$!
{
	archiveVersion = 1;
	classes = {
	};
	objectVersion = 56;
	objects = {

/* Begin PBXBuildFile section */
		D389BD672ACEEE450064D9F4 /* AppDelegate.swift in Sources */ = {isa = PBXBuildFile; fileRef = D389BD662ACEEE450064D9F4 /* AppDelegate.swift */; };
		D389BD6B2ACEEE450064D9F4 /* MainViewController.swift in Sources */ = {isa = PBXBuildFile; fileRef = D389BD6A2ACEEE450064D9F4 /* MainViewController.swift */; };
		D389BD702ACEEE480064D9F4 /* Assets.xcassets in Resources */ = {isa = PBXBuildFile; fileRef = D389BD6F2ACEEE480064D9F4 /* Assets.xcassets */; };
		D389BD732ACEEE480064D9F4 /* LaunchScreen.storyboard in Resources */ = {isa = PBXBuildFile; fileRef = D389BD712ACEEE480064D9F4 /* LaunchScreen.storyboard */; };
		D389BD802ACF03BC0064D9F4 /* Observable.swift in Sources */ = {isa = PBXBuildFile; fileRef = D389BD7F2ACF03BC0064D9F4 /* Observable.swift */; };
		D389BD822ACF05AE0064D9F4 /* PreviewPost.swift in Sources */ = {isa = PBXBuildFile; fileRef = D389BD812ACF05AE0064D9F4 /* PreviewPost.swift */; };
		D389BD842ACF06A10064D9F4 /* APIManger.swift in Sources */ = {isa = PBXBuildFile; fileRef = D389BD832ACF06A10064D9F4 /* APIManger.swift */; };
		D389BD862ACF08160064D9F4 /* NetworkConstants.swift in Sources */ = {isa = PBXBuildFile; fileRef = D389BD852ACF08160064D9F4 /* NetworkConstants.swift */; };
		D389BD882ACF0D160064D9F4 /* MainViewController+TableView.swift in Sources */ = {isa = PBXBuildFile; fileRef = D389BD872ACF0D160064D9F4 /* MainViewController+TableView.swift */; };
		D389BD8A2ACF0F390064D9F4 /* MainViewModel.swift in Sources */ = {isa = PBXBuildFile; fileRef = D389BD892ACF0F390064D9F4 /* MainViewModel.swift */; };
		D389BD8D2ACF1BE80064D9F4 /* PostCell.swift in Sources */ = {isa = PBXBuildFile; fileRef = D389BD8C2ACF1BE80064D9F4 /* PostCell.swift */; };
		D389BD8F2ACF1CF20064D9F4 /* PostCellViewModel.swift in Sources */ = {isa = PBXBuildFile; fileRef = D389BD8E2ACF1CF20064D9F4 /* PostCellViewModel.swift */; };
		D389BD952ACF31380064D9F4 /* Extensions.swift in Sources */ = {isa = PBXBuildFile; fileRef = D389BD942ACF31380064D9F4 /* Extensions.swift */; };
		D389BD9D2AD055360064D9F4 /* PostCellWithoutButton.swift in Sources */ = {isa = PBXBuildFile; fileRef = D389BD9C2AD055360064D9F4 /* PostCellWithoutButton.swift */; };
		D389BDA02AD12D520064D9F4 /* PostDetailsViewController.swift in Sources */ = {isa = PBXBuildFile; fileRef = D389BD9F2AD12D520064D9F4 /* PostDetailsViewController.swift */; };
		D389BDA22AD12F0E0064D9F4 /* Post.swift in Sources */ = {isa = PBXBuildFile; fileRef = D389BDA12AD12F0E0064D9F4 /* Post.swift */; };
		D389BDA42AD1308B0064D9F4 /* PostDetailsViewModel.swift in Sources */ = {isa = PBXBuildFile; fileRef = D389BDA32AD1308B0064D9F4 /* PostDetailsViewModel.swift */; };
		D389BDA62AD14F100064D9F4 /* ScaledHeightImageView.swift in Sources */ = {isa = PBXBuildFile; fileRef = D389BDA52AD14F100064D9F4 /* ScaledHeightImageView.swift */; };
		D389BDAA2AD83F330064D9F4 /* CellTypes.swift in Sources */ = {isa = PBXBuildFile; fileRef = D389BDA92AD83F330064D9F4 /* CellTypes.swift */; };
		E20EBB9E0C26D1B9204CA9D3 /* Pods_PractiseTask.framework in Frameworks */ = {isa = PBXBuildFile; fileRef = 6F352B16F7B9B1367A6820C8 /* Pods_PractiseTask.framework */; };
/* End PBXBuildFile section */

/* Begin PBXFileReference section */
		6F352B16F7B9B1367A6820C8 /* Pods_PractiseTask.framework */ = {isa = PBXFileReference; explicitFileType = wrapper.framework; includeInIndex = 0; path = Pods_PractiseTask.framework; sourceTree = BUILT_PRODUCTS_DIR; };
		AD10D3BC39831CCD366FBEB1 /* Pods-PractiseTask.debug.xcconfig */ = {isa = PBXFileReference; includeInIndex = 1; lastKnownFileType = text.xcconfig; name = "Pods-PractiseTask.debug.xcconfig"; path = "Target Support Files/Pods-PractiseTask/Pods-PractiseTask.debug.xcconfig"; sourceTree = "<group>"; };
		CACEF9CAF7C7686BAD198733 /* Pods-PractiseTask.release.xcconfig */ = {isa = PBXFileReference; includeInIndex = 1; lastKnownFileType = text.xcconfig; name = "Pods-PractiseTask.release.xcconfig"; path = "Target Support Files/Pods-PractiseTask/Pods-PractiseTask.release.xcconfig"; sourceTree = "<group>"; };
		D389BD632ACEEE450064D9F4 /* PractiseTask.app */ = {isa = PBXFileReference; explicitFileType = wrapper.application; includeInIndex = 0; path = PractiseTask.app; sourceTree = BUILT_PRODUCTS_DIR; };
		D389BD662ACEEE450064D9F4 /* AppDelegate.swift */ = {isa = PBXFileReference; lastKnownFileType = sourcecode.swift; path = AppDelegate.swift; sourceTree = "<group>"; };
		D389BD6A2ACEEE450064D9F4 /* MainViewController.swift */ = {isa = PBXFileReference; lastKnownFileType = sourcecode.swift; path = MainViewController.swift; sourceTree = "<group>"; };
		D389BD6F2ACEEE480064D9F4 /* Assets.xcassets */ = {isa = PBXFileReference; lastKnownFileType = folder.assetcatalog; path = Assets.xcassets; sourceTree = "<group>"; };
		D389BD722ACEEE480064D9F4 /* Base */ = {isa = PBXFileReference; lastKnownFileType = file.storyboard; name = Base; path = Base.lproj/LaunchScreen.storyboard; sourceTree = "<group>"; };
		D389BD742ACEEE480064D9F4 /* Info.plist */ = {isa = PBXFileReference; lastKnownFileType = text.plist.xml; path = Info.plist; sourceTree = "<group>"; };
		D389BD7F2ACF03BC0064D9F4 /* Observable.swift */ = {isa = PBXFileReference; lastKnownFileType = sourcecode.swift; path = Observable.swift; sourceTree = "<group>"; };
		D389BD812ACF05AE0064D9F4 /* PreviewPost.swift */ = {isa = PBXFileReference; lastKnownFileType = sourcecode.swift; path = PreviewPost.swift; sourceTree = "<group>"; };
		D389BD832ACF06A10064D9F4 /* APIManger.swift */ = {isa = PBXFileReference; lastKnownFileType = sourcecode.swift; path = APIManger.swift; sourceTree = "<group>"; };
		D389BD852ACF08160064D9F4 /* NetworkConstants.swift */ = {isa = PBXFileReference; lastKnownFileType = sourcecode.swift; path = NetworkConstants.swift; sourceTree = "<group>"; };
		D389BD872ACF0D160064D9F4 /* MainViewController+TableView.swift */ = {isa = PBXFileReference; lastKnownFileType = sourcecode.swift; path = "MainViewController+TableView.swift"; sourceTree = "<group>"; };
		D389BD892ACF0F390064D9F4 /* MainViewModel.swift */ = {isa = PBXFileReference; lastKnownFileType = sourcecode.swift; path = MainViewModel.swift; sourceTree = "<group>"; };
		D389BD8C2ACF1BE80064D9F4 /* PostCell.swift */ = {isa = PBXFileReference; lastKnownFileType = sourcecode.swift; path = PostCell.swift; sourceTree = "<group>"; };
		D389BD8E2ACF1CF20064D9F4 /* PostCellViewModel.swift */ = {isa = PBXFileReference; lastKnownFileType = sourcecode.swift; path = PostCellViewModel.swift; sourceTree = "<group>"; };
		D389BD942ACF31380064D9F4 /* Extensions.swift */ = {isa = PBXFileReference; lastKnownFileType = sourcecode.swift; path = Extensions.swift; sourceTree = "<group>"; };
		D389BD9C2AD055360064D9F4 /* PostCellWithoutButton.swift */ = {isa = PBXFileReference; lastKnownFileType = sourcecode.swift; path = PostCellWithoutButton.swift; sourceTree = "<group>"; };
		D389BD9F2AD12D520064D9F4 /* PostDetailsViewController.swift */ = {isa = PBXFileReference; lastKnownFileType = sourcecode.swift; path = PostDetailsViewController.swift; sourceTree = "<group>"; };
		D389BDA12AD12F0E0064D9F4 /* Post.swift */ = {isa = PBXFileReference; lastKnownFileType = sourcecode.swift; path = Post.swift; sourceTree = "<group>"; };
		D389BDA32AD1308B0064D9F4 /* PostDetailsViewModel.swift */ = {isa = PBXFileReference; lastKnownFileType = sourcecode.swift; path = PostDetailsViewModel.swift; sourceTree = "<group>"; };
		D389BDA52AD14F100064D9F4 /* ScaledHeightImageView.swift */ = {isa = PBXFileReference; lastKnownFileType = sourcecode.swift; path = ScaledHeightImageView.swift; sourceTree = "<group>"; };
		D389BDA92AD83F330064D9F4 /* CellTypes.swift */ = {isa = PBXFileReference; lastKnownFileType = sourcecode.swift; path = CellTypes.swift; sourceTree = "<group>"; };
/* End PBXFileReference section */

/* Begin PBXFrameworksBuildPhase section */
		D389BD602ACEEE450064D9F4 /* Frameworks */ = {
			isa = PBXFrameworksBuildPhase;
			buildActionMask = 2147483647;
			files = (
				E20EBB9E0C26D1B9204CA9D3 /* Pods_PractiseTask.framework in Frameworks */,
			);
			runOnlyForDeploymentPostprocessing = 0;
		};
/* End PBXFrameworksBuildPhase section */

/* Begin PBXGroup section */
		938F7859312AAAEE492F7DB3 /* Frameworks */ = {
			isa = PBXGroup;
			children = (
				6F352B16F7B9B1367A6820C8 /* Pods_PractiseTask.framework */,
			);
			name = Frameworks;
			sourceTree = "<group>";
		};
		97768CCBE97D79056720B1AA /* Pods */ = {
			isa = PBXGroup;
			children = (
				AD10D3BC39831CCD366FBEB1 /* Pods-PractiseTask.debug.xcconfig */,
				CACEF9CAF7C7686BAD198733 /* Pods-PractiseTask.release.xcconfig */,
			);
			path = Pods;
			sourceTree = "<group>";
		};
		D389BD5A2ACEEE450064D9F4 = {
			isa = PBXGroup;
			children = (
				D389BD652ACEEE450064D9F4 /* PractiseTask */,
				D389BD642ACEEE450064D9F4 /* Products */,
				97768CCBE97D79056720B1AA /* Pods */,
				938F7859312AAAEE492F7DB3 /* Frameworks */,
			);
			sourceTree = "<group>";
		};
		D389BD642ACEEE450064D9F4 /* Products */ = {
			isa = PBXGroup;
			children = (
				D389BD632ACEEE450064D9F4 /* PractiseTask.app */,
			);
			name = Products;
			sourceTree = "<group>";
		};
		D389BD652ACEEE450064D9F4 /* PractiseTask */ = {
			isa = PBXGroup;
			children = (
				D389BD742ACEEE480064D9F4 /* Info.plist */,
				D389BDAB2AD84C440064D9F4 /* Resources */,
				D389BD932ACF312E0064D9F4 /* Other */,
				D389BD7E2ACF03AF0064D9F4 /* Classes */,
				D389BD7D2ACEF0EE0064D9F4 /* Views */,
				D389BD7C2ACEF0DB0064D9F4 /* ViewModels */,
				D389BD7B2ACEF0910064D9F4 /* Networking */,
				D389BD7A2ACEF0870064D9F4 /* Models */,
			);
			path = PractiseTask;
			sourceTree = "<group>";
		};
		D389BD7A2ACEF0870064D9F4 /* Models */ = {
			isa = PBXGroup;
			children = (
				D389BD812ACF05AE0064D9F4 /* PreviewPost.swift */,
				D389BDA12AD12F0E0064D9F4 /* Post.swift */,
			);
			path = Models;
			sourceTree = "<group>";
		};
		D389BD7B2ACEF0910064D9F4 /* Networking */ = {
			isa = PBXGroup;
			children = (
				D389BD832ACF06A10064D9F4 /* APIManger.swift */,
				D389BD852ACF08160064D9F4 /* NetworkConstants.swift */,
			);
			path = Networking;
			sourceTree = "<group>";
		};
		D389BD7C2ACEF0DB0064D9F4 /* ViewModels */ = {
			isa = PBXGroup;
			children = (
				D389BD892ACF0F390064D9F4 /* MainViewModel.swift */,
				D389BD8E2ACF1CF20064D9F4 /* PostCellViewModel.swift */,
				D389BDA32AD1308B0064D9F4 /* PostDetailsViewModel.swift */,
			);
			path = ViewModels;
			sourceTree = "<group>";
		};
		D389BD7D2ACEF0EE0064D9F4 /* Views */ = {
			isa = PBXGroup;
			children = (
				D389BD9E2AD0763F0064D9F4 /* Cells */,
				D389BD8B2ACF1BCD0064D9F4 /* MainView */,
				D389BD9F2AD12D520064D9F4 /* PostDetailsViewController.swift */,
				D389BD712ACEEE480064D9F4 /* LaunchScreen.storyboard */,
			);
			path = Views;
			sourceTree = "<group>";
		};
		D389BD7E2ACF03AF0064D9F4 /* Classes */ = {
			isa = PBXGroup;
			children = (
				D389BD7F2ACF03BC0064D9F4 /* Observable.swift */,
				D389BDA52AD14F100064D9F4 /* ScaledHeightImageView.swift */,
			);
			path = Classes;
			sourceTree = "<group>";
		};
		D389BD8B2ACF1BCD0064D9F4 /* MainView */ = {
			isa = PBXGroup;
			children = (
				D389BD6A2ACEEE450064D9F4 /* MainViewController.swift */,
				D389BD872ACF0D160064D9F4 /* MainViewController+TableView.swift */,
			);
			path = MainView;
			sourceTree = "<group>";
		};
		D389BD932ACF312E0064D9F4 /* Other */ = {
			isa = PBXGroup;
			children = (
				D389BD662ACEEE450064D9F4 /* AppDelegate.swift */,
				D389BD942ACF31380064D9F4 /* Extensions.swift */,
			);
			path = Other;
			sourceTree = "<group>";
		};
		D389BD9E2AD0763F0064D9F4 /* Cells */ = {
			isa = PBXGroup;
			children = (
				D389BD8C2ACF1BE80064D9F4 /* PostCell.swift */,
				D389BD9C2AD055360064D9F4 /* PostCellWithoutButton.swift */,
				D389BDA92AD83F330064D9F4 /* CellTypes.swift */,
			);
			path = Cells;
			sourceTree = "<group>";
		};
		D389BDAB2AD84C440064D9F4 /* Resources */ = {
			isa = PBXGroup;
			children = (
				D389BD6F2ACEEE480064D9F4 /* Assets.xcassets */,
			);
			path = Resources;
			sourceTree = "<group>";
		};
/* End PBXGroup section */

/* Begin PBXNativeTarget section */
		D389BD622ACEEE450064D9F4 /* PractiseTask */ = {
			isa = PBXNativeTarget;
			buildConfigurationList = D389BD772ACEEE480064D9F4 /* Build configuration list for PBXNativeTarget "PractiseTask" */;
			buildPhases = (
				1709185590F5DE05A2096BDD /* [CP] Check Pods Manifest.lock */,
				D389BD5F2ACEEE450064D9F4 /* Sources */,
				D389BD602ACEEE450064D9F4 /* Frameworks */,
				D389BD612ACEEE450064D9F4 /* Resources */,
				CB2BF4F41565840736BC23EE /* [CP] Embed Pods Frameworks */,
			);
			buildRules = (
			);
			dependencies = (
			);
			name = PractiseTask;
			productName = PractiseTask;
			productReference = D389BD632ACEEE450064D9F4 /* PractiseTask.app */;
			productType = "com.apple.product-type.application";
		};
/* End PBXNativeTarget section */

/* Begin PBXProject section */
		D389BD5B2ACEEE450064D9F4 /* Project object */ = {
			isa = PBXProject;
			attributes = {
				BuildIndependentTargetsInParallel = 1;
				LastSwiftUpdateCheck = 1430;
				LastUpgradeCheck = 1430;
				TargetAttributes = {
					D389BD622ACEEE450064D9F4 = {
						CreatedOnToolsVersion = 14.3.1;
					};
				};
			};
			buildConfigurationList = D389BD5E2ACEEE450064D9F4 /* Build configuration list for PBXProject "PractiseTask" */;
			compatibilityVersion = "Xcode 14.0";
			developmentRegion = en;
			hasScannedForEncodings = 0;
			knownRegions = (
				en,
				Base,
			);
			mainGroup = D389BD5A2ACEEE450064D9F4;
			productRefGroup = D389BD642ACEEE450064D9F4 /* Products */;
			projectDirPath = "";
			projectRoot = "";
			targets = (
				D389BD622ACEEE450064D9F4 /* PractiseTask */,
			);
		};
/* End PBXProject section */

/* Begin PBXResourcesBuildPhase section */
		D389BD612ACEEE450064D9F4 /* Resources */ = {
			isa = PBXResourcesBuildPhase;
			buildActionMask = 2147483647;
			files = (
				D389BD732ACEEE480064D9F4 /* LaunchScreen.storyboard in Resources */,
				D389BD702ACEEE480064D9F4 /* Assets.xcassets in Resources */,
			);
			runOnlyForDeploymentPostprocessing = 0;
		};
/* End PBXResourcesBuildPhase section */

/* Begin PBXShellScriptBuildPhase section */
		1709185590F5DE05A2096BDD /* [CP] Check Pods Manifest.lock */ = {
			isa = PBXShellScriptBuildPhase;
			buildActionMask = 2147483647;
			files = (
			);
			inputFileListPaths = (
			);
			inputPaths = (
				"${PODS_PODFILE_DIR_PATH}/Podfile.lock",
				"${PODS_ROOT}/Manifest.lock",
			);
			name = "[CP] Check Pods Manifest.lock";
			outputFileListPaths = (
			);
			outputPaths = (
				"$(DERIVED_FILE_DIR)/Pods-PractiseTask-checkManifestLockResult.txt",
			);
			runOnlyForDeploymentPostprocessing = 0;
			shellPath = /bin/sh;
			shellScript = "diff \"${PODS_PODFILE_DIR_PATH}/Podfile.lock\" \"${PODS_ROOT}/Manifest.lock\" > /dev/null\nif [ $? != 0 ] ; then\n    # print error to STDERR\n    echo \"error: The sandbox is not in sync with the Podfile.lock. Run 'pod install' or update your CocoaPods installation.\" >&2\n    exit 1\nfi\n# This output is used by Xcode 'outputs' to avoid re-running this script phase.\necho \"SUCCESS\" > \"${SCRIPT_OUTPUT_FILE_0}\"\n";
			showEnvVarsInLog = 0;
		};
		CB2BF4F41565840736BC23EE /* [CP] Embed Pods Frameworks */ = {
			isa = PBXShellScriptBuildPhase;
			buildActionMask = 2147483647;
			files = (
			);
			inputFileListPaths = (
				"${PODS_ROOT}/Target Support Files/Pods-PractiseTask/Pods-PractiseTask-frameworks-${CONFIGURATION}-input-files.xcfilelist",
			);
			name = "[CP] Embed Pods Frameworks";
			outputFileListPaths = (
				"${PODS_ROOT}/Target Support Files/Pods-PractiseTask/Pods-PractiseTask-frameworks-${CONFIGURATION}-output-files.xcfilelist",
			);
			runOnlyForDeploymentPostprocessing = 0;
			shellPath = /bin/sh;
			shellScript = "\"${PODS_ROOT}/Target Support Files/Pods-PractiseTask/Pods-PractiseTask-frameworks.sh\"\n";
			showEnvVarsInLog = 0;
		};
/* End PBXShellScriptBuildPhase section */

/* Begin PBXSourcesBuildPhase section */
		D389BD5F2ACEEE450064D9F4 /* Sources */ = {
			isa = PBXSourcesBuildPhase;
			buildActionMask = 2147483647;
			files = (
				D389BD862ACF08160064D9F4 /* NetworkConstants.swift in Sources */,
				D389BD6B2ACEEE450064D9F4 /* MainViewController.swift in Sources */,
				D389BD882ACF0D160064D9F4 /* MainViewController+TableView.swift in Sources */,
				D389BDA02AD12D520064D9F4 /* PostDetailsViewController.swift in Sources */,
				D389BDA42AD1308B0064D9F4 /* PostDetailsViewModel.swift in Sources */,
				D389BD8D2ACF1BE80064D9F4 /* PostCell.swift in Sources */,
				D389BDAA2AD83F330064D9F4 /* CellTypes.swift in Sources */,
				D389BDA22AD12F0E0064D9F4 /* Post.swift in Sources */,
				D389BD802ACF03BC0064D9F4 /* Observable.swift in Sources */,
				D389BD842ACF06A10064D9F4 /* APIManger.swift in Sources */,
				D389BDA62AD14F100064D9F4 /* ScaledHeightImageView.swift in Sources */,
				D389BD672ACEEE450064D9F4 /* AppDelegate.swift in Sources */,
				D389BD822ACF05AE0064D9F4 /* PreviewPost.swift in Sources */,
				D389BD9D2AD055360064D9F4 /* PostCellWithoutButton.swift in Sources */,
				D389BD8F2ACF1CF20064D9F4 /* PostCellViewModel.swift in Sources */,
				D389BD952ACF31380064D9F4 /* Extensions.swift in Sources */,
				D389BD8A2ACF0F390064D9F4 /* MainViewModel.swift in Sources */,
			);
			runOnlyForDeploymentPostprocessing = 0;
		};
/* End PBXSourcesBuildPhase section */

/* Begin PBXVariantGroup section */
		D389BD712ACEEE480064D9F4 /* LaunchScreen.storyboard */ = {
			isa = PBXVariantGroup;
			children = (
				D389BD722ACEEE480064D9F4 /* Base */,
			);
			name = LaunchScreen.storyboard;
			sourceTree = "<group>";
		};
/* End PBXVariantGroup section */

/* Begin XCBuildConfiguration section */
		D389BD752ACEEE480064D9F4 /* Debug */ = {
			isa = XCBuildConfiguration;
			buildSettings = {
				ALWAYS_SEARCH_USER_PATHS = NO;
				CLANG_ANALYZER_NONNULL = YES;
				CLANG_ANALYZER_NUMBER_OBJECT_CONVERSION = YES_AGGRESSIVE;
				CLANG_CXX_LANGUAGE_STANDARD = "gnu++20";
				CLANG_ENABLE_MODULES = YES;
				CLANG_ENABLE_OBJC_ARC = YES;
				CLANG_ENABLE_OBJC_WEAK = YES;
				CLANG_WARN_BLOCK_CAPTURE_AUTORELEASING = YES;
				CLANG_WARN_BOOL_CONVERSION = YES;
				CLANG_WARN_COMMA = YES;
				CLANG_WARN_CONSTANT_CONVERSION = YES;
				CLANG_WARN_DEPRECATED_OBJC_IMPLEMENTATIONS = YES;
				CLANG_WARN_DIRECT_OBJC_ISA_USAGE = YES_ERROR;
				CLANG_WARN_DOCUMENTATION_COMMENTS = YES;
				CLANG_WARN_EMPTY_BODY = YES;
				CLANG_WARN_ENUM_CONVERSION = YES;
				CLANG_WARN_INFINITE_RECURSION = YES;
				CLANG_WARN_INT_CONVERSION = YES;
				CLANG_WARN_NON_LITERAL_NULL_CONVERSION = YES;
				CLANG_WARN_OBJC_IMPLICIT_RETAIN_SELF = YES;
				CLANG_WARN_OBJC_LITERAL_CONVERSION = YES;
				CLANG_WARN_OBJC_ROOT_CLASS = YES_ERROR;
				CLANG_WARN_QUOTED_INCLUDE_IN_FRAMEWORK_HEADER = YES;
				CLANG_WARN_RANGE_LOOP_ANALYSIS = YES;
				CLANG_WARN_STRICT_PROTOTYPES = YES;
				CLANG_WARN_SUSPICIOUS_MOVE = YES;
				CLANG_WARN_UNGUARDED_AVAILABILITY = YES_AGGRESSIVE;
				CLANG_WARN_UNREACHABLE_CODE = YES;
				CLANG_WARN__DUPLICATE_METHOD_MATCH = YES;
				COPY_PHASE_STRIP = NO;
				DEBUG_INFORMATION_FORMAT = dwarf;
				ENABLE_STRICT_OBJC_MSGSEND = YES;
				ENABLE_TESTABILITY = YES;
				GCC_C_LANGUAGE_STANDARD = gnu11;
				GCC_DYNAMIC_NO_PIC = NO;
				GCC_NO_COMMON_BLOCKS = YES;
				GCC_OPTIMIZATION_LEVEL = 0;
				GCC_PREPROCESSOR_DEFINITIONS = (
					"DEBUG=1",
					"$(inherited)",
				);
				GCC_WARN_64_TO_32_BIT_CONVERSION = YES;
				GCC_WARN_ABOUT_RETURN_TYPE = YES_ERROR;
				GCC_WARN_UNDECLARED_SELECTOR = YES;
				GCC_WARN_UNINITIALIZED_AUTOS = YES_AGGRESSIVE;
				GCC_WARN_UNUSED_FUNCTION = YES;
				GCC_WARN_UNUSED_VARIABLE = YES;
				IPHONEOS_DEPLOYMENT_TARGET = 16.4;
				MTL_ENABLE_DEBUG_INFO = INCLUDE_SOURCE;
				MTL_FAST_MATH = YES;
				ONLY_ACTIVE_ARCH = YES;
				SDKROOT = iphoneos;
				SWIFT_ACTIVE_COMPILATION_CONDITIONS = DEBUG;
				SWIFT_OPTIMIZATION_LEVEL = "-Onone";
			};
			name = Debug;
		};
		D389BD762ACEEE480064D9F4 /* Release */ = {
			isa = XCBuildConfiguration;
			buildSettings = {
				ALWAYS_SEARCH_USER_PATHS = NO;
				CLANG_ANALYZER_NONNULL = YES;
				CLANG_ANALYZER_NUMBER_OBJECT_CONVERSION = YES_AGGRESSIVE;
				CLANG_CXX_LANGUAGE_STANDARD = "gnu++20";
				CLANG_ENABLE_MODULES = YES;
				CLANG_ENABLE_OBJC_ARC = YES;
				CLANG_ENABLE_OBJC_WEAK = YES;
				CLANG_WARN_BLOCK_CAPTURE_AUTORELEASING = YES;
				CLANG_WARN_BOOL_CONVERSION = YES;
				CLANG_WARN_COMMA = YES;
				CLANG_WARN_CONSTANT_CONVERSION = YES;
				CLANG_WARN_DEPRECATED_OBJC_IMPLEMENTATIONS = YES;
				CLANG_WARN_DIRECT_OBJC_ISA_USAGE = YES_ERROR;
				CLANG_WARN_DOCUMENTATION_COMMENTS = YES;
				CLANG_WARN_EMPTY_BODY = YES;
				CLANG_WARN_ENUM_CONVERSION = YES;
				CLANG_WARN_INFINITE_RECURSION = YES;
				CLANG_WARN_INT_CONVERSION = YES;
				CLANG_WARN_NON_LITERAL_NULL_CONVERSION = YES;
				CLANG_WARN_OBJC_IMPLICIT_RETAIN_SELF = YES;
				CLANG_WARN_OBJC_LITERAL_CONVERSION = YES;
				CLANG_WARN_OBJC_ROOT_CLASS = YES_ERROR;
				CLANG_WARN_QUOTED_INCLUDE_IN_FRAMEWORK_HEADER = YES;
				CLANG_WARN_RANGE_LOOP_ANALYSIS = YES;
				CLANG_WARN_STRICT_PROTOTYPES = YES;
				CLANG_WARN_SUSPICIOUS_MOVE = YES;
				CLANG_WARN_UNGUARDED_AVAILABILITY = YES_AGGRESSIVE;
				CLANG_WARN_UNREACHABLE_CODE = YES;
				CLANG_WARN__DUPLICATE_METHOD_MATCH = YES;
				COPY_PHASE_STRIP = NO;
				DEBUG_INFORMATION_FORMAT = "dwarf-with-dsym";
				ENABLE_NS_ASSERTIONS = NO;
				ENABLE_STRICT_OBJC_MSGSEND = YES;
				GCC_C_LANGUAGE_STANDARD = gnu11;
				GCC_NO_COMMON_BLOCKS = YES;
				GCC_WARN_64_TO_32_BIT_CONVERSION = YES;
				GCC_WARN_ABOUT_RETURN_TYPE = YES_ERROR;
				GCC_WARN_UNDECLARED_SELECTOR = YES;
				GCC_WARN_UNINITIALIZED_AUTOS = YES_AGGRESSIVE;
				GCC_WARN_UNUSED_FUNCTION = YES;
				GCC_WARN_UNUSED_VARIABLE = YES;
				IPHONEOS_DEPLOYMENT_TARGET = 16.4;
				MTL_ENABLE_DEBUG_INFO = NO;
				MTL_FAST_MATH = YES;
				SDKROOT = iphoneos;
				SWIFT_COMPILATION_MODE = wholemodule;
				SWIFT_OPTIMIZATION_LEVEL = "-O";
				VALIDATE_PRODUCT = YES;
			};
			name = Release;
		};
		D389BD782ACEEE480064D9F4 /* Debug */ = {
			isa = XCBuildConfiguration;
			baseConfigurationReference = AD10D3BC39831CCD366FBEB1 /* Pods-PractiseTask.debug.xcconfig */;
			buildSettings = {
				ASSETCATALOG_COMPILER_APPICON_NAME = AppIcon;
				ASSETCATALOG_COMPILER_GLOBAL_ACCENT_COLOR_NAME = AccentColor;
				CODE_SIGN_STYLE = Automatic;
				CURRENT_PROJECT_VERSION = 1;
				GENERATE_INFOPLIST_FILE = YES;
				INFOPLIST_FILE = PractiseTask/Info.plist;
				INFOPLIST_KEY_UIApplicationSupportsIndirectInputEvents = YES;
				INFOPLIST_KEY_UILaunchStoryboardName = LaunchScreen;
				INFOPLIST_KEY_UIMainStoryboardFile = "";
				INFOPLIST_KEY_UISupportedInterfaceOrientations = UIInterfaceOrientationPortrait;
				IPHONEOS_DEPLOYMENT_TARGET = 14.0;
				LD_RUNPATH_SEARCH_PATHS = (
					"$(inherited)",
					"@executable_path/Frameworks",
				);
				MARKETING_VERSION = 1.0;
				PRODUCT_BUNDLE_IDENTIFIER = com.AB.PractiseTask;
				PRODUCT_NAME = "$(TARGET_NAME)";
				SWIFT_EMIT_LOC_STRINGS = YES;
				SWIFT_VERSION = 5.0;
				TARGETED_DEVICE_FAMILY = "1,2";
			};
			name = Debug;
		};
		D389BD792ACEEE480064D9F4 /* Release */ = {
			isa = XCBuildConfiguration;
			baseConfigurationReference = CACEF9CAF7C7686BAD198733 /* Pods-PractiseTask.release.xcconfig */;
			buildSettings = {
				ASSETCATALOG_COMPILER_APPICON_NAME = AppIcon;
				ASSETCATALOG_COMPILER_GLOBAL_ACCENT_COLOR_NAME = AccentColor;
				CODE_SIGN_STYLE = Automatic;
				CURRENT_PROJECT_VERSION = 1;
				GENERATE_INFOPLIST_FILE = YES;
				INFOPLIST_FILE = PractiseTask/Info.plist;
				INFOPLIST_KEY_UIApplicationSupportsIndirectInputEvents = YES;
				INFOPLIST_KEY_UILaunchStoryboardName = LaunchScreen;
				INFOPLIST_KEY_UIMainStoryboardFile = "";
				INFOPLIST_KEY_UISupportedInterfaceOrientations = UIInterfaceOrientationPortrait;
				IPHONEOS_DEPLOYMENT_TARGET = 14.0;
				LD_RUNPATH_SEARCH_PATHS = (
					"$(inherited)",
					"@executable_path/Frameworks",
				);
				MARKETING_VERSION = 1.0;
				PRODUCT_BUNDLE_IDENTIFIER = com.AB.PractiseTask;
				PRODUCT_NAME = "$(TARGET_NAME)";
				SWIFT_EMIT_LOC_STRINGS = YES;
				SWIFT_VERSION = 5.0;
				TARGETED_DEVICE_FAMILY = "1,2";
			};
			name = Release;
		};
/* End XCBuildConfiguration section */

/* Begin XCConfigurationList section */
		D389BD5E2ACEEE450064D9F4 /* Build configuration list for PBXProject "PractiseTask" */ = {
			isa = XCConfigurationList;
			buildConfigurations = (
				D389BD752ACEEE480064D9F4 /* Debug */,
				D389BD762ACEEE480064D9F4 /* Release */,
			);
			defaultConfigurationIsVisible = 0;
			defaultConfigurationName = Release;
		};
		D389BD772ACEEE480064D9F4 /* Build configuration list for PBXNativeTarget "PractiseTask" */ = {
			isa = XCConfigurationList;
			buildConfigurations = (
				D389BD782ACEEE480064D9F4 /* Debug */,
				D389BD792ACEEE480064D9F4 /* Release */,
			);
			defaultConfigurationIsVisible = 0;
			defaultConfigurationName = Release;
		};
/* End XCConfigurationList section */
	};
	rootObject = D389BD5B2ACEEE450064D9F4 /* Project object */;
}
